// !$*UTF8*$!
{
	archiveVersion = 1;
	classes = {
	};
	objectVersion = 46;
	objects = {

/* Begin PBXBuildFile section */
		E730CA651E5585FB0043D030 /* main.m in Sources */ = {isa = PBXBuildFile; fileRef = E730CA641E5585FB0043D030 /* main.m */; };
		E730CA681E5585FB0043D030 /* AppDelegate.m in Sources */ = {isa = PBXBuildFile; fileRef = E730CA671E5585FB0043D030 /* AppDelegate.m */; };
		E730CA6B1E5585FB0043D030 /* ViewController.m in Sources */ = {isa = PBXBuildFile; fileRef = E730CA6A1E5585FB0043D030 /* ViewController.m */; };
		E730CA6E1E5585FB0043D030 /* Main.storyboard in Resources */ = {isa = PBXBuildFile; fileRef = E730CA6C1E5585FB0043D030 /* Main.storyboard */; };
		E730CA701E5585FB0043D030 /* Assets.xcassets in Resources */ = {isa = PBXBuildFile; fileRef = E730CA6F1E5585FB0043D030 /* Assets.xcassets */; };
		E730CA731E5585FB0043D030 /* LaunchScreen.storyboard in Resources */ = {isa = PBXBuildFile; fileRef = E730CA711E5585FB0043D030 /* LaunchScreen.storyboard */; };
		E730CA7E1E5585FB0043D030 /* SendMessageTests.m in Sources */ = {isa = PBXBuildFile; fileRef = E730CA7D1E5585FB0043D030 /* SendMessageTests.m */; };
		E730CA891E5585FB0043D030 /* SendMessageUITests.m in Sources */ = {isa = PBXBuildFile; fileRef = E730CA881E5585FB0043D030 /* SendMessageUITests.m */; };
/* End PBXBuildFile section */

/* Begin PBXContainerItemProxy section */
		E730CA7A1E5585FB0043D030 /* PBXContainerItemProxy */ = {
			isa = PBXContainerItemProxy;
			containerPortal = E730CA581E5585FB0043D030 /* Project object */;
			proxyType = 1;
			remoteGlobalIDString = E730CA5F1E5585FB0043D030;
			remoteInfo = SendMessage;
		};
		E730CA851E5585FB0043D030 /* PBXContainerItemProxy */ = {
			isa = PBXContainerItemProxy;
			containerPortal = E730CA581E5585FB0043D030 /* Project object */;
			proxyType = 1;
			remoteGlobalIDString = E730CA5F1E5585FB0043D030;
			remoteInfo = SendMessage;
		};
/* End PBXContainerItemProxy section */

/* Begin PBXFileReference section */
		E730CA601E5585FB0043D030 /* SendMessage.app */ = {isa = PBXFileReference; explicitFileType = wrapper.application; includeInIndex = 0; path = SendMessage.app; sourceTree = BUILT_PRODUCTS_DIR; };
		E730CA641E5585FB0043D030 /* main.m */ = {isa = PBXFileReference; lastKnownFileType = sourcecode.c.objc; path = main.m; sourceTree = "<group>"; };
		E730CA661E5585FB0043D030 /* AppDelegate.h */ = {isa = PBXFileReference; lastKnownFileType = sourcecode.c.h; path = AppDelegate.h; sourceTree = "<group>"; };
		E730CA671E5585FB0043D030 /* AppDelegate.m */ = {isa = PBXFileReference; lastKnownFileType = sourcecode.c.objc; path = AppDelegate.m; sourceTree = "<group>"; };
		E730CA691E5585FB0043D030 /* ViewController.h */ = {isa = PBXFileReference; lastKnownFileType = sourcecode.c.h; path = ViewController.h; sourceTree = "<group>"; };
		E730CA6A1E5585FB0043D030 /* ViewController.m */ = {isa = PBXFileReference; lastKnownFileType = sourcecode.c.objc; path = ViewController.m; sourceTree = "<group>"; };
		E730CA6D1E5585FB0043D030 /* Base */ = {isa = PBXFileReference; lastKnownFileType = file.storyboard; name = Base; path = Base.lproj/Main.storyboard; sourceTree = "<group>"; };
		E730CA6F1E5585FB0043D030 /* Assets.xcassets */ = {isa = PBXFileReference; lastKnownFileType = folder.assetcatalog; path = Assets.xcassets; sourceTree = "<group>"; };
		E730CA721E5585FB0043D030 /* Base */ = {isa = PBXFileReference; lastKnownFileType = file.storyboard; name = Base; path = Base.lproj/LaunchScreen.storyboard; sourceTree = "<group>"; };
		E730CA741E5585FB0043D030 /* Info.plist */ = {isa = PBXFileReference; lastKnownFileType = text.plist.xml; path = Info.plist; sourceTree = "<group>"; };
		E730CA791E5585FB0043D030 /* SendMessageTests.xctest */ = {isa = PBXFileReference; explicitFileType = wrapper.cfbundle; includeInIndex = 0; path = SendMessageTests.xctest; sourceTree = BUILT_PRODUCTS_DIR; };
		E730CA7D1E5585FB0043D030 /* SendMessageTests.m */ = {isa = PBXFileReference; lastKnownFileType = sourcecode.c.objc; path = SendMessageTests.m; sourceTree = "<group>"; };
		E730CA7F1E5585FB0043D030 /* Info.plist */ = {isa = PBXFileReference; lastKnownFileType = text.plist.xml; path = Info.plist; sourceTree = "<group>"; };
		E730CA841E5585FB0043D030 /* SendMessageUITests.xctest */ = {isa = PBXFileReference; explicitFileType = wrapper.cfbundle; includeInIndex = 0; path = SendMessageUITests.xctest; sourceTree = BUILT_PRODUCTS_DIR; };
		E730CA881E5585FB0043D030 /* SendMessageUITests.m */ = {isa = PBXFileReference; lastKnownFileType = sourcecode.c.objc; path = SendMessageUITests.m; sourceTree = "<group>"; };
		E730CA8A1E5585FB0043D030 /* Info.plist */ = {isa = PBXFileReference; lastKnownFileType = text.plist.xml; path = Info.plist; sourceTree = "<group>"; };
/* End PBXFileReference section */

/* Begin PBXFrameworksBuildPhase section */
		E730CA5D1E5585FB0043D030 /* Frameworks */ = {
			isa = PBXFrameworksBuildPhase;
			buildActionMask = 2147483647;
			files = (
			);
			runOnlyForDeploymentPostprocessing = 0;
		};
		E730CA761E5585FB0043D030 /* Frameworks */ = {
			isa = PBXFrameworksBuildPhase;
			buildActionMask = 2147483647;
			files = (
			);
			runOnlyForDeploymentPostprocessing = 0;
		};
		E730CA811E5585FB0043D030 /* Frameworks */ = {
			isa = PBXFrameworksBuildPhase;
			buildActionMask = 2147483647;
			files = (
			);
			runOnlyForDeploymentPostprocessing = 0;
		};
/* End PBXFrameworksBuildPhase section */

/* Begin PBXGroup section */
		E730CA571E5585FB0043D030 = {
			isa = PBXGroup;
			children = (
				E730CA621E5585FB0043D030 /* SendMessage */,
				E730CA7C1E5585FB0043D030 /* SendMessageTests */,
				E730CA871E5585FB0043D030 /* SendMessageUITests */,
				E730CA611E5585FB0043D030 /* Products */,
			);
			sourceTree = "<group>";
		};
		E730CA611E5585FB0043D030 /* Products */ = {
			isa = PBXGroup;
			children = (
				E730CA601E5585FB0043D030 /* SendMessage.app */,
				E730CA791E5585FB0043D030 /* SendMessageTests.xctest */,
				E730CA841E5585FB0043D030 /* SendMessageUITests.xctest */,
			);
			name = Products;
			sourceTree = "<group>";
		};
		E730CA621E5585FB0043D030 /* SendMessage */ = {
			isa = PBXGroup;
			children = (
				E730CA661E5585FB0043D030 /* AppDelegate.h */,
				E730CA671E5585FB0043D030 /* AppDelegate.m */,
				E730CA691E5585FB0043D030 /* ViewController.h */,
				E730CA6A1E5585FB0043D030 /* ViewController.m */,
				E730CA6C1E5585FB0043D030 /* Main.storyboard */,
				E730CA6F1E5585FB0043D030 /* Assets.xcassets */,
				E730CA711E5585FB0043D030 /* LaunchScreen.storyboard */,
				E730CA741E5585FB0043D030 /* Info.plist */,
				E730CA631E5585FB0043D030 /* Supporting Files */,
			);
			path = SendMessage;
			sourceTree = "<group>";
		};
		E730CA631E5585FB0043D030 /* Supporting Files */ = {
			isa = PBXGroup;
			children = (
				E730CA641E5585FB0043D030 /* main.m */,
			);
			name = "Supporting Files";
			sourceTree = "<group>";
		};
		E730CA7C1E5585FB0043D030 /* SendMessageTests */ = {
			isa = PBXGroup;
			children = (
				E730CA7D1E5585FB0043D030 /* SendMessageTests.m */,
				E730CA7F1E5585FB0043D030 /* Info.plist */,
			);
			path = SendMessageTests;
			sourceTree = "<group>";
		};
		E730CA871E5585FB0043D030 /* SendMessageUITests */ = {
			isa = PBXGroup;
			children = (
				E730CA881E5585FB0043D030 /* SendMessageUITests.m */,
				E730CA8A1E5585FB0043D030 /* Info.plist */,
			);
			path = SendMessageUITests;
			sourceTree = "<group>";
		};
/* End PBXGroup section */

/* Begin PBXNativeTarget section */
		E730CA5F1E5585FB0043D030 /* SendMessage */ = {
			isa = PBXNativeTarget;
			buildConfigurationList = E730CA8D1E5585FB0043D030 /* Build configuration list for PBXNativeTarget "SendMessage" */;
			buildPhases = (
				E730CA5C1E5585FB0043D030 /* Sources */,
				E730CA5D1E5585FB0043D030 /* Frameworks */,
				E730CA5E1E5585FB0043D030 /* Resources */,
			);
			buildRules = (
			);
			dependencies = (
			);
			name = SendMessage;
			productName = SendMessage;
			productReference = E730CA601E5585FB0043D030 /* SendMessage.app */;
			productType = "com.apple.product-type.application";
		};
		E730CA781E5585FB0043D030 /* SendMessageTests */ = {
			isa = PBXNativeTarget;
			buildConfigurationList = E730CA901E5585FB0043D030 /* Build configuration list for PBXNativeTarget "SendMessageTests" */;
			buildPhases = (
				E730CA751E5585FB0043D030 /* Sources */,
				E730CA761E5585FB0043D030 /* Frameworks */,
				E730CA771E5585FB0043D030 /* Resources */,
			);
			buildRules = (
			);
			dependencies = (
				E730CA7B1E5585FB0043D030 /* PBXTargetDependency */,
			);
			name = SendMessageTests;
			productName = SendMessageTests;
			productReference = E730CA791E5585FB0043D030 /* SendMessageTests.xctest */;
			productType = "com.apple.product-type.bundle.unit-test";
		};
		E730CA831E5585FB0043D030 /* SendMessageUITests */ = {
			isa = PBXNativeTarget;
			buildConfigurationList = E730CA931E5585FB0043D030 /* Build configuration list for PBXNativeTarget "SendMessageUITests" */;
			buildPhases = (
				E730CA801E5585FB0043D030 /* Sources */,
				E730CA811E5585FB0043D030 /* Frameworks */,
				E730CA821E5585FB0043D030 /* Resources */,
			);
			buildRules = (
			);
			dependencies = (
				E730CA861E5585FB0043D030 /* PBXTargetDependency */,
			);
			name = SendMessageUITests;
			productName = SendMessageUITests;
			productReference = E730CA841E5585FB0043D030 /* SendMessageUITests.xctest */;
			productType = "com.apple.product-type.bundle.ui-testing";
		};
/* End PBXNativeTarget section */

/* Begin PBXProject section */
		E730CA581E5585FB0043D030 /* Project object */ = {
			isa = PBXProject;
			attributes = {
				LastUpgradeCheck = 0820;
				ORGANIZATIONNAME = deyi;
				TargetAttributes = {
					E730CA5F1E5585FB0043D030 = {
						CreatedOnToolsVersion = 8.2.1;
						DevelopmentTeam = WLRUZXK27J;
						ProvisioningStyle = Automatic;
					};
					E730CA781E5585FB0043D030 = {
						CreatedOnToolsVersion = 8.2.1;
						DevelopmentTeam = WLRUZXK27J;
						ProvisioningStyle = Automatic;
						TestTargetID = E730CA5F1E5585FB0043D030;
					};
					E730CA831E5585FB0043D030 = {
						CreatedOnToolsVersion = 8.2.1;
						DevelopmentTeam = WLRUZXK27J;
						ProvisioningStyle = Automatic;
						TestTargetID = E730CA5F1E5585FB0043D030;
					};
				};
			};
			buildConfigurationList = E730CA5B1E5585FB0043D030 /* Build configuration list for PBXProject "SendMessage" */;
			compatibilityVersion = "Xcode 3.2";
			developmentRegion = English;
			hasScannedForEncodings = 0;
			knownRegions = (
				en,
				Base,
			);
			mainGroup = E730CA571E5585FB0043D030;
			productRefGroup = E730CA611E5585FB0043D030 /* Products */;
			projectDirPath = "";
			projectRoot = "";
			targets = (
				E730CA5F1E5585FB0043D030 /* SendMessage */,
				E730CA781E5585FB0043D030 /* SendMessageTests */,
				E730CA831E5585FB0043D030 /* SendMessageUITests */,
			);
		};
/* End PBXProject section */

/* Begin PBXResourcesBuildPhase section */
		E730CA5E1E5585FB0043D030 /* Resources */ = {
			isa = PBXResourcesBuildPhase;
			buildActionMask = 2147483647;
			files = (
				E730CA731E5585FB0043D030 /* LaunchScreen.storyboard in Resources */,
				E730CA701E5585FB0043D030 /* Assets.xcassets in Resources */,
				E730CA6E1E5585FB0043D030 /* Main.storyboard in Resources */,
			);
			runOnlyForDeploymentPostprocessing = 0;
		};
		E730CA771E5585FB0043D030 /* Resources */ = {
			isa = PBXResourcesBuildPhase;
			buildActionMask = 2147483647;
			files = (
			);
			runOnlyForDeploymentPostprocessing = 0;
		};
		E730CA821E5585FB0043D030 /* Resources */ = {
			isa = PBXResourcesBuildPhase;
			buildActionMask = 2147483647;
			files = (
			);
			runOnlyForDeploymentPostprocessing = 0;
		};
/* End PBXResourcesBuildPhase section */

/* Begin PBXSourcesBuildPhase section */
		E730CA5C1E5585FB0043D030 /* Sources */ = {
			isa = PBXSourcesBuildPhase;
			buildActionMask = 2147483647;
			files = (
				E730CA6B1E5585FB0043D030 /* ViewController.m in Sources */,
				E730CA681E5585FB0043D030 /* AppDelegate.m in Sources */,
				E730CA651E5585FB0043D030 /* main.m in Sources */,
			);
			runOnlyForDeploymentPostprocessing = 0;
		};
		E730CA751E5585FB0043D030 /* Sources */ = {
			isa = PBXSourcesBuildPhase;
			buildActionMask = 2147483647;
			files = (
				E730CA7E1E5585FB0043D030 /* SendMessageTests.m in Sources */,
			);
			runOnlyForDeploymentPostprocessing = 0;
		};
		E730CA801E5585FB0043D030 /* Sources */ = {
			isa = PBXSourcesBuildPhase;
			buildActionMask = 2147483647;
			files = (
				E730CA891E5585FB0043D030 /* SendMessageUITests.m in Sources */,
			);
			runOnlyForDeploymentPostprocessing = 0;
		};
/* End PBXSourcesBuildPhase section */

/* Begin PBXTargetDependency section */
		E730CA7B1E5585FB0043D030 /* PBXTargetDependency */ = {
			isa = PBXTargetDependency;
			target = E730CA5F1E5585FB0043D030 /* SendMessage */;
			targetProxy = E730CA7A1E5585FB0043D030 /* PBXContainerItemProxy */;
		};
		E730CA861E5585FB0043D030 /* PBXTargetDependency */ = {
			isa = PBXTargetDependency;
			target = E730CA5F1E5585FB0043D030 /* SendMessage */;
			targetProxy = E730CA851E5585FB0043D030 /* PBXContainerItemProxy */;
		};
/* End PBXTargetDependency section */

/* Begin PBXVariantGroup section */
		E730CA6C1E5585FB0043D030 /* Main.storyboard */ = {
			isa = PBXVariantGroup;
			children = (
				E730CA6D1E5585FB0043D030 /* Base */,
			);
			name = Main.storyboard;
			sourceTree = "<group>";
		};
		E730CA711E5585FB0043D030 /* LaunchScreen.storyboard */ = {
			isa = PBXVariantGroup;
			children = (
				E730CA721E5585FB0043D030 /* Base */,
			);
			name = LaunchScreen.storyboard;
			sourceTree = "<group>";
		};
/* End PBXVariantGroup section */

/* Begin XCBuildConfiguration section */
		E730CA8B1E5585FB0043D030 /* Debug */ = {
			isa = XCBuildConfiguration;
			buildSettings = {
				ALWAYS_SEARCH_USER_PATHS = NO;
				CLANG_ANALYZER_NONNULL = YES;
				CLANG_CXX_LANGUAGE_STANDARD = "gnu++0x";
				CLANG_CXX_LIBRARY = "libc++";
				CLANG_ENABLE_MODULES = YES;
				CLANG_ENABLE_OBJC_ARC = YES;
				CLANG_WARN_BOOL_CONVERSION = YES;
				CLANG_WARN_CONSTANT_CONVERSION = YES;
				CLANG_WARN_DIRECT_OBJC_ISA_USAGE = YES_ERROR;
				CLANG_WARN_DOCUMENTATION_COMMENTS = YES;
				CLANG_WARN_EMPTY_BODY = YES;
				CLANG_WARN_ENUM_CONVERSION = YES;
				CLANG_WARN_INFINITE_RECURSION = YES;
				CLANG_WARN_INT_CONVERSION = YES;
				CLANG_WARN_OBJC_ROOT_CLASS = YES_ERROR;
				CLANG_WARN_SUSPICIOUS_MOVE = YES;
				CLANG_WARN_UNREACHABLE_CODE = YES;
				CLANG_WARN__DUPLICATE_METHOD_MATCH = YES;
				"CODE_SIGN_IDENTITY[sdk=iphoneos*]" = "iPhone Developer";
				COPY_PHASE_STRIP = NO;
				DEBUG_INFORMATION_FORMAT = dwarf;
				ENABLE_STRICT_OBJC_MSGSEND = YES;
				ENABLE_TESTABILITY = YES;
				GCC_C_LANGUAGE_STANDARD = gnu99;
				GCC_DYNAMIC_NO_PIC = NO;
				GCC_NO_COMMON_BLOCKS = YES;
				GCC_OPTIMIZATION_LEVEL = 0;
				GCC_PREPROCESSOR_DEFINITIONS = (
					"DEBUG=1",
					"$(inherited)",
				);
				GCC_WARN_64_TO_32_BIT_CONVERSION = YES;
				GCC_WARN_ABOUT_RETURN_TYPE = YES_ERROR;
				GCC_WARN_UNDECLARED_SELECTOR = YES;
				GCC_WARN_UNINITIALIZED_AUTOS = YES_AGGRESSIVE;
				GCC_WARN_UNUSED_FUNCTION = YES;
				GCC_WARN_UNUSED_VARIABLE = YES;
				IPHONEOS_DEPLOYMENT_TARGET = 10.2;
				MTL_ENABLE_DEBUG_INFO = YES;
				ONLY_ACTIVE_ARCH = YES;
				SDKROOT = iphoneos;
			};
			name = Debug;
		};
		E730CA8C1E5585FB0043D030 /* Release */ = {
			isa = XCBuildConfiguration;
			buildSettings = {
				ALWAYS_SEARCH_USER_PATHS = NO;
				CLANG_ANALYZER_NONNULL = YES;
				CLANG_CXX_LANGUAGE_STANDARD = "gnu++0x";
				CLANG_CXX_LIBRARY = "libc++";
				CLANG_ENABLE_MODULES = YES;
				CLANG_ENABLE_OBJC_ARC = YES;
				CLANG_WARN_BOOL_CONVERSION = YES;
				CLANG_WARN_CONSTANT_CONVERSION = YES;
				CLANG_WARN_DIRECT_OBJC_ISA_USAGE = YES_ERROR;
				CLANG_WARN_DOCUMENTATION_COMMENTS = YES;
				CLANG_WARN_EMPTY_BODY = YES;
				CLANG_WARN_ENUM_CONVERSION = YES;
				CLANG_WARN_INFINITE_RECURSION = YES;
				CLANG_WARN_INT_CONVERSION = YES;
				CLANG_WARN_OBJC_ROOT_CLASS = YES_ERROR;
				CLANG_WARN_SUSPICIOUS_MOVE = YES;
				CLANG_WARN_UNREACHABLE_CODE = YES;
				CLANG_WARN__DUPLICATE_METHOD_MATCH = YES;
				"CODE_SIGN_IDENTITY[sdk=iphoneos*]" = "iPhone Developer";
				COPY_PHASE_STRIP = NO;
				DEBUG_INFORMATION_FORMAT = "dwarf-with-dsym";
				ENABLE_NS_ASSERTIONS = NO;
				ENABLE_STRICT_OBJC_MSGSEND = YES;
				GCC_C_LANGUAGE_STANDARD = gnu99;
				GCC_NO_COMMON_BLOCKS = YES;
				GCC_WARN_64_TO_32_BIT_CONVERSION = YES;
				GCC_WARN_ABOUT_RETURN_TYPE = YES_ERROR;
				GCC_WARN_UNDECLARED_SELECTOR = YES;
				GCC_WARN_UNINITIALIZED_AUTOS = YES_AGGRESSIVE;
				GCC_WARN_UNUSED_FUNCTION = YES;
				GCC_WARN_UNUSED_VARIABLE = YES;
				IPHONEOS_DEPLOYMENT_TARGET = 10.2;
				MTL_ENABLE_DEBUG_INFO = NO;
				SDKROOT = iphoneos;
				VALIDATE_PRODUCT = YES;
			};
			name = Release;
		};
		E730CA8E1E5585FB0043D030 /* Debug */ = {
			isa = XCBuildConfiguration;
			buildSettings = {
				ASSETCATALOG_COMPILER_APPICON_NAME = AppIcon;
				DEVELOPMENT_TEAM = WLRUZXK27J;
				INFOPLIST_FILE = SendMessage/Info.plist;
				LD_RUNPATH_SEARCH_PATHS = "$(inherited) @executable_path/Frameworks";
				PRODUCT_BUNDLE_IDENTIFIER = com.deyi..SendMessage;
				PRODUCT_NAME = "$(TARGET_NAME)";
			};
			name = Debug;
		};
		E730CA8F1E5585FB0043D030 /* Release */ = {
			isa = XCBuildConfiguration;
			buildSettings = {
				ASSETCATALOG_COMPILER_APPICON_NAME = AppIcon;
				DEVELOPMENT_TEAM = WLRUZXK27J;
				INFOPLIST_FILE = SendMessage/Info.plist;
				LD_RUNPATH_SEARCH_PATHS = "$(inherited) @executable_path/Frameworks";
				PRODUCT_BUNDLE_IDENTIFIER = com.deyi..SendMessage;
				PRODUCT_NAME = "$(TARGET_NAME)";
			};
			name = Release;
		};
		E730CA911E5585FB0043D030 /* Debug */ = {
			isa = XCBuildConfiguration;
			buildSettings = {
				BUNDLE_LOADER = "$(TEST_HOST)";
				DEVELOPMENT_TEAM = WLRUZXK27J;
				INFOPLIST_FILE = SendMessageTests/Info.plist;
				LD_RUNPATH_SEARCH_PATHS = "$(inherited) @executable_path/Frameworks @loader_path/Frameworks";
				PRODUCT_BUNDLE_IDENTIFIER = com.deyi..SendMessageTests;
				PRODUCT_NAME = "$(TARGET_NAME)";
				TEST_HOST = "$(BUILT_PRODUCTS_DIR)/SendMessage.app/SendMessage";
			};
			name = Debug;
		};
		E730CA921E5585FB0043D030 /* Release */ = {
			isa = XCBuildConfiguration;
			buildSettings = {
				BUNDLE_LOADER = "$(TEST_HOST)";
				DEVELOPMENT_TEAM = WLRUZXK27J;
				INFOPLIST_FILE = SendMessageTests/Info.plist;
				LD_RUNPATH_SEARCH_PATHS = "$(inherited) @executable_path/Frameworks @loader_path/Frameworks";
				PRODUCT_BUNDLE_IDENTIFIER = com.deyi..SendMessageTests;
				PRODUCT_NAME = "$(TARGET_NAME)";
				TEST_HOST = "$(BUILT_PRODUCTS_DIR)/SendMessage.app/SendMessage";
			};
			name = Release;
		};
		E730CA941E5585FB0043D030 /* Debug */ = {
			isa = XCBuildConfiguration;
			buildSettings = {
				DEVELOPMENT_TEAM = WLRUZXK27J;
				INFOPLIST_FILE = SendMessageUITests/Info.plist;
				LD_RUNPATH_SEARCH_PATHS = "$(inherited) @executable_path/Frameworks @loader_path/Frameworks";
				PRODUCT_BUNDLE_IDENTIFIER = com.deyi..SendMessageUITests;
				PRODUCT_NAME = "$(TARGET_NAME)";
				TEST_TARGET_NAME = SendMessage;
			};
			name = Debug;
		};
		E730CA951E5585FB0043D030 /* Release */ = {
			isa = XCBuildConfiguration;
			buildSettings = {
				DEVELOPMENT_TEAM = WLRUZXK27J;
				INFOPLIST_FILE = SendMessageUITests/Info.plist;
				LD_RUNPATH_SEARCH_PATHS = "$(inherited) @executable_path/Frameworks @loader_path/Frameworks";
				PRODUCT_BUNDLE_IDENTIFIER = com.deyi..SendMessageUITests;
				PRODUCT_NAME = "$(TARGET_NAME)";
				TEST_TARGET_NAME = SendMessage;
			};
			name = Release;
		};
/* End XCBuildConfiguration section */

/* Begin XCConfigurationList section */
		E730CA5B1E5585FB0043D030 /* Build configuration list for PBXProject "SendMessage" */ = {
			isa = XCConfigurationList;
			buildConfigurations = (
				E730CA8B1E5585FB0043D030 /* Debug */,
				E730CA8C1E5585FB0043D030 /* Release */,
			);
			defaultConfigurationIsVisible = 0;
			defaultConfigurationName = Release;
		};
		E730CA8D1E5585FB0043D030 /* Build configuration list for PBXNativeTarget "SendMessage" */ = {
			isa = XCConfigurationList;
			buildConfigurations = (
				E730CA8E1E5585FB0043D030 /* Debug */,
				E730CA8F1E5585FB0043D030 /* Release */,
			);
			defaultConfigurationIsVisible = 0;
		};
		E730CA901E5585FB0043D030 /* Build configuration list for PBXNativeTarget "SendMessageTests" */ = {
			isa = XCConfigurationList;
			buildConfigurations = (
				E730CA911E5585FB0043D030 /* Debug */,
				E730CA921E5585FB0043D030 /* Release */,
			);
			defaultConfigurationIsVisible = 0;
		};
		E730CA931E5585FB0043D030 /* Build configuration list for PBXNativeTarget "SendMessageUITests" */ = {
			isa = XCConfigurationList;
			buildConfigurations = (
				E730CA941E5585FB0043D030 /* Debug */,
				E730CA951E5585FB0043D030 /* Release */,
			);
			defaultConfigurationIsVisible = 0;
		};
/* End XCConfigurationList section */
	};
	rootObject = E730CA581E5585FB0043D030 /* Project object */;
}
