// !$*UTF8*$!
{
	archiveVersion = 1;
	classes = {
	};
	objectVersion = 46;
	objects = {

/* Begin PBXBuildFile section */
		6D9247081EDF051900222B69 /* main.m in Sources */ = {isa = PBXBuildFile; fileRef = 6D9247071EDF051900222B69 /* main.m */; };
		6D92470B1EDF051900222B69 /* AppDelegate.m in Sources */ = {isa = PBXBuildFile; fileRef = 6D92470A1EDF051900222B69 /* AppDelegate.m */; };
		6D92470E1EDF051900222B69 /* ViewController.m in Sources */ = {isa = PBXBuildFile; fileRef = 6D92470D1EDF051900222B69 /* ViewController.m */; };
		6D9247111EDF051900222B69 /* Main.storyboard in Resources */ = {isa = PBXBuildFile; fileRef = 6D92470F1EDF051900222B69 /* Main.storyboard */; };
		6D9247131EDF051900222B69 /* Assets.xcassets in Resources */ = {isa = PBXBuildFile; fileRef = 6D9247121EDF051900222B69 /* Assets.xcassets */; };
		6D9247161EDF051900222B69 /* LaunchScreen.storyboard in Resources */ = {isa = PBXBuildFile; fileRef = 6D9247141EDF051900222B69 /* LaunchScreen.storyboard */; };
		6D9247211EDF051A00222B69 /* RunLoopLoadImageTests.m in Sources */ = {isa = PBXBuildFile; fileRef = 6D9247201EDF051A00222B69 /* RunLoopLoadImageTests.m */; };
		6D92472C1EDF051A00222B69 /* RunLoopLoadImageUITests.m in Sources */ = {isa = PBXBuildFile; fileRef = 6D92472B1EDF051A00222B69 /* RunLoopLoadImageUITests.m */; };
/* End PBXBuildFile section */

/* Begin PBXContainerItemProxy section */
		6D92471D1EDF051A00222B69 /* PBXContainerItemProxy */ = {
			isa = PBXContainerItemProxy;
			containerPortal = 6D9246FB1EDF051900222B69 /* Project object */;
			proxyType = 1;
			remoteGlobalIDString = 6D9247021EDF051900222B69;
			remoteInfo = RunLoopLoadImage;
		};
		6D9247281EDF051A00222B69 /* PBXContainerItemProxy */ = {
			isa = PBXContainerItemProxy;
			containerPortal = 6D9246FB1EDF051900222B69 /* Project object */;
			proxyType = 1;
			remoteGlobalIDString = 6D9247021EDF051900222B69;
			remoteInfo = RunLoopLoadImage;
		};
/* End PBXContainerItemProxy section */

/* Begin PBXFileReference section */
		6D9247031EDF051900222B69 /* RunLoopLoadImage.app */ = {isa = PBXFileReference; explicitFileType = wrapper.application; includeInIndex = 0; path = RunLoopLoadImage.app; sourceTree = BUILT_PRODUCTS_DIR; };
		6D9247071EDF051900222B69 /* main.m */ = {isa = PBXFileReference; lastKnownFileType = sourcecode.c.objc; path = main.m; sourceTree = "<group>"; };
		6D9247091EDF051900222B69 /* AppDelegate.h */ = {isa = PBXFileReference; lastKnownFileType = sourcecode.c.h; path = AppDelegate.h; sourceTree = "<group>"; };
		6D92470A1EDF051900222B69 /* AppDelegate.m */ = {isa = PBXFileReference; lastKnownFileType = sourcecode.c.objc; path = AppDelegate.m; sourceTree = "<group>"; };
		6D92470C1EDF051900222B69 /* ViewController.h */ = {isa = PBXFileReference; lastKnownFileType = sourcecode.c.h; path = ViewController.h; sourceTree = "<group>"; };
		6D92470D1EDF051900222B69 /* ViewController.m */ = {isa = PBXFileReference; lastKnownFileType = sourcecode.c.objc; path = ViewController.m; sourceTree = "<group>"; };
		6D9247101EDF051900222B69 /* Base */ = {isa = PBXFileReference; lastKnownFileType = file.storyboard; name = Base; path = Base.lproj/Main.storyboard; sourceTree = "<group>"; };
		6D9247121EDF051900222B69 /* Assets.xcassets */ = {isa = PBXFileReference; lastKnownFileType = folder.assetcatalog; path = Assets.xcassets; sourceTree = "<group>"; };
		6D9247151EDF051900222B69 /* Base */ = {isa = PBXFileReference; lastKnownFileType = file.storyboard; name = Base; path = Base.lproj/LaunchScreen.storyboard; sourceTree = "<group>"; };
		6D9247171EDF051900222B69 /* Info.plist */ = {isa = PBXFileReference; lastKnownFileType = text.plist.xml; path = Info.plist; sourceTree = "<group>"; };
		6D92471C1EDF051A00222B69 /* RunLoopLoadImageTests.xctest */ = {isa = PBXFileReference; explicitFileType = wrapper.cfbundle; includeInIndex = 0; path = RunLoopLoadImageTests.xctest; sourceTree = BUILT_PRODUCTS_DIR; };
		6D9247201EDF051A00222B69 /* RunLoopLoadImageTests.m */ = {isa = PBXFileReference; lastKnownFileType = sourcecode.c.objc; path = RunLoopLoadImageTests.m; sourceTree = "<group>"; };
		6D9247221EDF051A00222B69 /* Info.plist */ = {isa = PBXFileReference; lastKnownFileType = text.plist.xml; path = Info.plist; sourceTree = "<group>"; };
		6D9247271EDF051A00222B69 /* RunLoopLoadImageUITests.xctest */ = {isa = PBXFileReference; explicitFileType = wrapper.cfbundle; includeInIndex = 0; path = RunLoopLoadImageUITests.xctest; sourceTree = BUILT_PRODUCTS_DIR; };
		6D92472B1EDF051A00222B69 /* RunLoopLoadImageUITests.m */ = {isa = PBXFileReference; lastKnownFileType = sourcecode.c.objc; path = RunLoopLoadImageUITests.m; sourceTree = "<group>"; };
		6D92472D1EDF051A00222B69 /* Info.plist */ = {isa = PBXFileReference; lastKnownFileType = text.plist.xml; path = Info.plist; sourceTree = "<group>"; };
/* End PBXFileReference section */

/* Begin PBXFrameworksBuildPhase section */
		6D9247001EDF051900222B69 /* Frameworks */ = {
			isa = PBXFrameworksBuildPhase;
			buildActionMask = 2147483647;
			files = (
			);
			runOnlyForDeploymentPostprocessing = 0;
		};
		6D9247191EDF051A00222B69 /* Frameworks */ = {
			isa = PBXFrameworksBuildPhase;
			buildActionMask = 2147483647;
			files = (
			);
			runOnlyForDeploymentPostprocessing = 0;
		};
		6D9247241EDF051A00222B69 /* Frameworks */ = {
			isa = PBXFrameworksBuildPhase;
			buildActionMask = 2147483647;
			files = (
			);
			runOnlyForDeploymentPostprocessing = 0;
		};
/* End PBXFrameworksBuildPhase section */

/* Begin PBXGroup section */
		6D9246FA1EDF051900222B69 = {
			isa = PBXGroup;
			children = (
				6D9247051EDF051900222B69 /* RunLoopLoadImage */,
				6D92471F1EDF051A00222B69 /* RunLoopLoadImageTests */,
				6D92472A1EDF051A00222B69 /* RunLoopLoadImageUITests */,
				6D9247041EDF051900222B69 /* Products */,
			);
			sourceTree = "<group>";
		};
		6D9247041EDF051900222B69 /* Products */ = {
			isa = PBXGroup;
			children = (
				6D9247031EDF051900222B69 /* RunLoopLoadImage.app */,
				6D92471C1EDF051A00222B69 /* RunLoopLoadImageTests.xctest */,
				6D9247271EDF051A00222B69 /* RunLoopLoadImageUITests.xctest */,
			);
			name = Products;
			sourceTree = "<group>";
		};
		6D9247051EDF051900222B69 /* RunLoopLoadImage */ = {
			isa = PBXGroup;
			children = (
				6D9247091EDF051900222B69 /* AppDelegate.h */,
				6D92470A1EDF051900222B69 /* AppDelegate.m */,
				6D92470C1EDF051900222B69 /* ViewController.h */,
				6D92470D1EDF051900222B69 /* ViewController.m */,
				6D92470F1EDF051900222B69 /* Main.storyboard */,
				6D9247121EDF051900222B69 /* Assets.xcassets */,
				6D9247141EDF051900222B69 /* LaunchScreen.storyboard */,
				6D9247171EDF051900222B69 /* Info.plist */,
				6D9247061EDF051900222B69 /* Supporting Files */,
			);
			path = RunLoopLoadImage;
			sourceTree = "<group>";
		};
		6D9247061EDF051900222B69 /* Supporting Files */ = {
			isa = PBXGroup;
			children = (
				6D9247071EDF051900222B69 /* main.m */,
			);
			name = "Supporting Files";
			sourceTree = "<group>";
		};
		6D92471F1EDF051A00222B69 /* RunLoopLoadImageTests */ = {
			isa = PBXGroup;
			children = (
				6D9247201EDF051A00222B69 /* RunLoopLoadImageTests.m */,
				6D9247221EDF051A00222B69 /* Info.plist */,
			);
			path = RunLoopLoadImageTests;
			sourceTree = "<group>";
		};
		6D92472A1EDF051A00222B69 /* RunLoopLoadImageUITests */ = {
			isa = PBXGroup;
			children = (
				6D92472B1EDF051A00222B69 /* RunLoopLoadImageUITests.m */,
				6D92472D1EDF051A00222B69 /* Info.plist */,
			);
			path = RunLoopLoadImageUITests;
			sourceTree = "<group>";
		};
/* End PBXGroup section */

/* Begin PBXNativeTarget section */
		6D9247021EDF051900222B69 /* RunLoopLoadImage */ = {
			isa = PBXNativeTarget;
			buildConfigurationList = 6D9247301EDF051A00222B69 /* Build configuration list for PBXNativeTarget "RunLoopLoadImage" */;
			buildPhases = (
				6D9246FF1EDF051900222B69 /* Sources */,
				6D9247001EDF051900222B69 /* Frameworks */,
				6D9247011EDF051900222B69 /* Resources */,
			);
			buildRules = (
			);
			dependencies = (
			);
			name = RunLoopLoadImage;
			productName = RunLoopLoadImage;
			productReference = 6D9247031EDF051900222B69 /* RunLoopLoadImage.app */;
			productType = "com.apple.product-type.application";
		};
		6D92471B1EDF051A00222B69 /* RunLoopLoadImageTests */ = {
			isa = PBXNativeTarget;
			buildConfigurationList = 6D9247331EDF051A00222B69 /* Build configuration list for PBXNativeTarget "RunLoopLoadImageTests" */;
			buildPhases = (
				6D9247181EDF051A00222B69 /* Sources */,
				6D9247191EDF051A00222B69 /* Frameworks */,
				6D92471A1EDF051A00222B69 /* Resources */,
			);
			buildRules = (
			);
			dependencies = (
				6D92471E1EDF051A00222B69 /* PBXTargetDependency */,
			);
			name = RunLoopLoadImageTests;
			productName = RunLoopLoadImageTests;
			productReference = 6D92471C1EDF051A00222B69 /* RunLoopLoadImageTests.xctest */;
			productType = "com.apple.product-type.bundle.unit-test";
		};
		6D9247261EDF051A00222B69 /* RunLoopLoadImageUITests */ = {
			isa = PBXNativeTarget;
			buildConfigurationList = 6D9247361EDF051A00222B69 /* Build configuration list for PBXNativeTarget "RunLoopLoadImageUITests" */;
			buildPhases = (
				6D9247231EDF051A00222B69 /* Sources */,
				6D9247241EDF051A00222B69 /* Frameworks */,
				6D9247251EDF051A00222B69 /* Resources */,
			);
			buildRules = (
			);
			dependencies = (
				6D9247291EDF051A00222B69 /* PBXTargetDependency */,
			);
			name = RunLoopLoadImageUITests;
			productName = RunLoopLoadImageUITests;
			productReference = 6D9247271EDF051A00222B69 /* RunLoopLoadImageUITests.xctest */;
			productType = "com.apple.product-type.bundle.ui-testing";
		};
/* End PBXNativeTarget section */

/* Begin PBXProject section */
		6D9246FB1EDF051900222B69 /* Project object */ = {
			isa = PBXProject;
			attributes = {
				LastUpgradeCheck = 0830;
				ORGANIZATIONNAME = zy;
				TargetAttributes = {
					6D9247021EDF051900222B69 = {
						CreatedOnToolsVersion = 8.3.2;
						ProvisioningStyle = Automatic;
					};
					6D92471B1EDF051A00222B69 = {
						CreatedOnToolsVersion = 8.3.2;
						ProvisioningStyle = Automatic;
						TestTargetID = 6D9247021EDF051900222B69;
					};
					6D9247261EDF051A00222B69 = {
						CreatedOnToolsVersion = 8.3.2;
						ProvisioningStyle = Automatic;
						TestTargetID = 6D9247021EDF051900222B69;
					};
				};
			};
			buildConfigurationList = 6D9246FE1EDF051900222B69 /* Build configuration list for PBXProject "RunLoopLoadImage" */;
			compatibilityVersion = "Xcode 3.2";
			developmentRegion = English;
			hasScannedForEncodings = 0;
			knownRegions = (
				en,
				Base,
			);
			mainGroup = 6D9246FA1EDF051900222B69;
			productRefGroup = 6D9247041EDF051900222B69 /* Products */;
			projectDirPath = "";
			projectRoot = "";
			targets = (
				6D9247021EDF051900222B69 /* RunLoopLoadImage */,
				6D92471B1EDF051A00222B69 /* RunLoopLoadImageTests */,
				6D9247261EDF051A00222B69 /* RunLoopLoadImageUITests */,
			);
		};
/* End PBXProject section */

/* Begin PBXResourcesBuildPhase section */
		6D9247011EDF051900222B69 /* Resources */ = {
			isa = PBXResourcesBuildPhase;
			buildActionMask = 2147483647;
			files = (
				6D9247161EDF051900222B69 /* LaunchScreen.storyboard in Resources */,
				6D9247131EDF051900222B69 /* Assets.xcassets in Resources */,
				6D9247111EDF051900222B69 /* Main.storyboard in Resources */,
			);
			runOnlyForDeploymentPostprocessing = 0;
		};
		6D92471A1EDF051A00222B69 /* Resources */ = {
			isa = PBXResourcesBuildPhase;
			buildActionMask = 2147483647;
			files = (
			);
			runOnlyForDeploymentPostprocessing = 0;
		};
		6D9247251EDF051A00222B69 /* Resources */ = {
			isa = PBXResourcesBuildPhase;
			buildActionMask = 2147483647;
			files = (
			);
			runOnlyForDeploymentPostprocessing = 0;
		};
/* End PBXResourcesBuildPhase section */

/* Begin PBXSourcesBuildPhase section */
		6D9246FF1EDF051900222B69 /* Sources */ = {
			isa = PBXSourcesBuildPhase;
			buildActionMask = 2147483647;
			files = (
				6D92470E1EDF051900222B69 /* ViewController.m in Sources */,
				6D92470B1EDF051900222B69 /* AppDelegate.m in Sources */,
				6D9247081EDF051900222B69 /* main.m in Sources */,
			);
			runOnlyForDeploymentPostprocessing = 0;
		};
		6D9247181EDF051A00222B69 /* Sources */ = {
			isa = PBXSourcesBuildPhase;
			buildActionMask = 2147483647;
			files = (
				6D9247211EDF051A00222B69 /* RunLoopLoadImageTests.m in Sources */,
			);
			runOnlyForDeploymentPostprocessing = 0;
		};
		6D9247231EDF051A00222B69 /* Sources */ = {
			isa = PBXSourcesBuildPhase;
			buildActionMask = 2147483647;
			files = (
				6D92472C1EDF051A00222B69 /* RunLoopLoadImageUITests.m in Sources */,
			);
			runOnlyForDeploymentPostprocessing = 0;
		};
/* End PBXSourcesBuildPhase section */

/* Begin PBXTargetDependency section */
		6D92471E1EDF051A00222B69 /* PBXTargetDependency */ = {
			isa = PBXTargetDependency;
			target = 6D9247021EDF051900222B69 /* RunLoopLoadImage */;
			targetProxy = 6D92471D1EDF051A00222B69 /* PBXContainerItemProxy */;
		};
		6D9247291EDF051A00222B69 /* PBXTargetDependency */ = {
			isa = PBXTargetDependency;
			target = 6D9247021EDF051900222B69 /* RunLoopLoadImage */;
			targetProxy = 6D9247281EDF051A00222B69 /* PBXContainerItemProxy */;
		};
/* End PBXTargetDependency section */

/* Begin PBXVariantGroup section */
		6D92470F1EDF051900222B69 /* Main.storyboard */ = {
			isa = PBXVariantGroup;
			children = (
				6D9247101EDF051900222B69 /* Base */,
			);
			name = Main.storyboard;
			sourceTree = "<group>";
		};
		6D9247141EDF051900222B69 /* LaunchScreen.storyboard */ = {
			isa = PBXVariantGroup;
			children = (
				6D9247151EDF051900222B69 /* Base */,
			);
			name = LaunchScreen.storyboard;
			sourceTree = "<group>";
		};
/* End PBXVariantGroup section */

/* Begin XCBuildConfiguration section */
		6D92472E1EDF051A00222B69 /* Debug */ = {
			isa = XCBuildConfiguration;
			buildSettings = {
				ALWAYS_SEARCH_USER_PATHS = NO;
				CLANG_ANALYZER_NONNULL = YES;
				CLANG_ANALYZER_NUMBER_OBJECT_CONVERSION = YES_AGGRESSIVE;
				CLANG_CXX_LANGUAGE_STANDARD = "gnu++0x";
				CLANG_CXX_LIBRARY = "libc++";
				CLANG_ENABLE_MODULES = YES;
				CLANG_ENABLE_OBJC_ARC = YES;
				CLANG_WARN_BOOL_CONVERSION = YES;
				CLANG_WARN_CONSTANT_CONVERSION = YES;
				CLANG_WARN_DIRECT_OBJC_ISA_USAGE = YES_ERROR;
				CLANG_WARN_DOCUMENTATION_COMMENTS = YES;
				CLANG_WARN_EMPTY_BODY = YES;
				CLANG_WARN_ENUM_CONVERSION = YES;
				CLANG_WARN_INFINITE_RECURSION = YES;
				CLANG_WARN_INT_CONVERSION = YES;
				CLANG_WARN_OBJC_ROOT_CLASS = YES_ERROR;
				CLANG_WARN_SUSPICIOUS_MOVE = YES;
				CLANG_WARN_UNREACHABLE_CODE = YES;
				CLANG_WARN__DUPLICATE_METHOD_MATCH = YES;
				"CODE_SIGN_IDENTITY[sdk=iphoneos*]" = "iPhone Developer";
				COPY_PHASE_STRIP = NO;
				DEBUG_INFORMATION_FORMAT = dwarf;
				ENABLE_STRICT_OBJC_MSGSEND = YES;
				ENABLE_TESTABILITY = YES;
				GCC_C_LANGUAGE_STANDARD = gnu99;
				GCC_DYNAMIC_NO_PIC = NO;
				GCC_NO_COMMON_BLOCKS = YES;
				GCC_OPTIMIZATION_LEVEL = 0;
				GCC_PREPROCESSOR_DEFINITIONS = (
					"DEBUG=1",
					"$(inherited)",
				);
				GCC_WARN_64_TO_32_BIT_CONVERSION = YES;
				GCC_WARN_ABOUT_RETURN_TYPE = YES_ERROR;
				GCC_WARN_UNDECLARED_SELECTOR = YES;
				GCC_WARN_UNINITIALIZED_AUTOS = YES_AGGRESSIVE;
				GCC_WARN_UNUSED_FUNCTION = YES;
				GCC_WARN_UNUSED_VARIABLE = YES;
				IPHONEOS_DEPLOYMENT_TARGET = 10.3;
				MTL_ENABLE_DEBUG_INFO = YES;
				ONLY_ACTIVE_ARCH = YES;
				SDKROOT = iphoneos;
				TARGETED_DEVICE_FAMILY = "1,2";
			};
			name = Debug;
		};
		6D92472F1EDF051A00222B69 /* Release */ = {
			isa = XCBuildConfiguration;
			buildSettings = {
				ALWAYS_SEARCH_USER_PATHS = NO;
				CLANG_ANALYZER_NONNULL = YES;
				CLANG_ANALYZER_NUMBER_OBJECT_CONVERSION = YES_AGGRESSIVE;
				CLANG_CXX_LANGUAGE_STANDARD = "gnu++0x";
				CLANG_CXX_LIBRARY = "libc++";
				CLANG_ENABLE_MODULES = YES;
				CLANG_ENABLE_OBJC_ARC = YES;
				CLANG_WARN_BOOL_CONVERSION = YES;
				CLANG_WARN_CONSTANT_CONVERSION = YES;
				CLANG_WARN_DIRECT_OBJC_ISA_USAGE = YES_ERROR;
				CLANG_WARN_DOCUMENTATION_COMMENTS = YES;
				CLANG_WARN_EMPTY_BODY = YES;
				CLANG_WARN_ENUM_CONVERSION = YES;
				CLANG_WARN_INFINITE_RECURSION = YES;
				CLANG_WARN_INT_CONVERSION = YES;
				CLANG_WARN_OBJC_ROOT_CLASS = YES_ERROR;
				CLANG_WARN_SUSPICIOUS_MOVE = YES;
				CLANG_WARN_UNREACHABLE_CODE = YES;
				CLANG_WARN__DUPLICATE_METHOD_MATCH = YES;
				"CODE_SIGN_IDENTITY[sdk=iphoneos*]" = "iPhone Developer";
				COPY_PHASE_STRIP = NO;
				DEBUG_INFORMATION_FORMAT = "dwarf-with-dsym";
				ENABLE_NS_ASSERTIONS = NO;
				ENABLE_STRICT_OBJC_MSGSEND = YES;
				GCC_C_LANGUAGE_STANDARD = gnu99;
				GCC_NO_COMMON_BLOCKS = YES;
				GCC_WARN_64_TO_32_BIT_CONVERSION = YES;
				GCC_WARN_ABOUT_RETURN_TYPE = YES_ERROR;
				GCC_WARN_UNDECLARED_SELECTOR = YES;
				GCC_WARN_UNINITIALIZED_AUTOS = YES_AGGRESSIVE;
				GCC_WARN_UNUSED_FUNCTION = YES;
				GCC_WARN_UNUSED_VARIABLE = YES;
				IPHONEOS_DEPLOYMENT_TARGET = 10.3;
				MTL_ENABLE_DEBUG_INFO = NO;
				SDKROOT = iphoneos;
				TARGETED_DEVICE_FAMILY = "1,2";
				VALIDATE_PRODUCT = YES;
			};
			name = Release;
		};
		6D9247311EDF051A00222B69 /* Debug */ = {
			isa = XCBuildConfiguration;
			buildSettings = {
				ASSETCATALOG_COMPILER_APPICON_NAME = AppIcon;
				INFOPLIST_FILE = RunLoopLoadImage/Info.plist;
				LD_RUNPATH_SEARCH_PATHS = "$(inherited) @executable_path/Frameworks";
				PRODUCT_BUNDLE_IDENTIFIER = zyfoolboy.RunLoopLoadImage;
				PRODUCT_NAME = "$(TARGET_NAME)";
			};
			name = Debug;
		};
		6D9247321EDF051A00222B69 /* Release */ = {
			isa = XCBuildConfiguration;
			buildSettings = {
				ASSETCATALOG_COMPILER_APPICON_NAME = AppIcon;
				INFOPLIST_FILE = RunLoopLoadImage/Info.plist;
				LD_RUNPATH_SEARCH_PATHS = "$(inherited) @executable_path/Frameworks";
				PRODUCT_BUNDLE_IDENTIFIER = zyfoolboy.RunLoopLoadImage;
				PRODUCT_NAME = "$(TARGET_NAME)";
			};
			name = Release;
		};
		6D9247341EDF051A00222B69 /* Debug */ = {
			isa = XCBuildConfiguration;
			buildSettings = {
				BUNDLE_LOADER = "$(TEST_HOST)";
				INFOPLIST_FILE = RunLoopLoadImageTests/Info.plist;
				LD_RUNPATH_SEARCH_PATHS = "$(inherited) @executable_path/Frameworks @loader_path/Frameworks";
				PRODUCT_BUNDLE_IDENTIFIER = zyfoolboy.RunLoopLoadImageTests;
				PRODUCT_NAME = "$(TARGET_NAME)";
				TEST_HOST = "$(BUILT_PRODUCTS_DIR)/RunLoopLoadImage.app/RunLoopLoadImage";
			};
			name = Debug;
		};
		6D9247351EDF051A00222B69 /* Release */ = {
			isa = XCBuildConfiguration;
			buildSettings = {
				BUNDLE_LOADER = "$(TEST_HOST)";
				INFOPLIST_FILE = RunLoopLoadImageTests/Info.plist;
				LD_RUNPATH_SEARCH_PATHS = "$(inherited) @executable_path/Frameworks @loader_path/Frameworks";
				PRODUCT_BUNDLE_IDENTIFIER = zyfoolboy.RunLoopLoadImageTests;
				PRODUCT_NAME = "$(TARGET_NAME)";
				TEST_HOST = "$(BUILT_PRODUCTS_DIR)/RunLoopLoadImage.app/RunLoopLoadImage";
			};
			name = Release;
		};
		6D9247371EDF051A00222B69 /* Debug */ = {
			isa = XCBuildConfiguration;
			buildSettings = {
				INFOPLIST_FILE = RunLoopLoadImageUITests/Info.plist;
				LD_RUNPATH_SEARCH_PATHS = "$(inherited) @executable_path/Frameworks @loader_path/Frameworks";
				PRODUCT_BUNDLE_IDENTIFIER = zyfoolboy.RunLoopLoadImageUITests;
				PRODUCT_NAME = "$(TARGET_NAME)";
				TEST_TARGET_NAME = RunLoopLoadImage;
			};
			name = Debug;
		};
		6D9247381EDF051A00222B69 /* Release */ = {
			isa = XCBuildConfiguration;
			buildSettings = {
				INFOPLIST_FILE = RunLoopLoadImageUITests/Info.plist;
				LD_RUNPATH_SEARCH_PATHS = "$(inherited) @executable_path/Frameworks @loader_path/Frameworks";
				PRODUCT_BUNDLE_IDENTIFIER = zyfoolboy.RunLoopLoadImageUITests;
				PRODUCT_NAME = "$(TARGET_NAME)";
				TEST_TARGET_NAME = RunLoopLoadImage;
			};
			name = Release;
		};
/* End XCBuildConfiguration section */

/* Begin XCConfigurationList section */
		6D9246FE1EDF051900222B69 /* Build configuration list for PBXProject "RunLoopLoadImage" */ = {
			isa = XCConfigurationList;
			buildConfigurations = (
				6D92472E1EDF051A00222B69 /* Debug */,
				6D92472F1EDF051A00222B69 /* Release */,
			);
			defaultConfigurationIsVisible = 0;
			defaultConfigurationName = Release;
		};
		6D9247301EDF051A00222B69 /* Build configuration list for PBXNativeTarget "RunLoopLoadImage" */ = {
			isa = XCConfigurationList;
			buildConfigurations = (
				6D9247311EDF051A00222B69 /* Debug */,
				6D9247321EDF051A00222B69 /* Release */,
			);
			defaultConfigurationIsVisible = 0;
		};
		6D9247331EDF051A00222B69 /* Build configuration list for PBXNativeTarget "RunLoopLoadImageTests" */ = {
			isa = XCConfigurationList;
			buildConfigurations = (
				6D9247341EDF051A00222B69 /* Debug */,
				6D9247351EDF051A00222B69 /* Release */,
			);
			defaultConfigurationIsVisible = 0;
		};
		6D9247361EDF051A00222B69 /* Build configuration list for PBXNativeTarget "RunLoopLoadImageUITests" */ = {
			isa = XCConfigurationList;
			buildConfigurations = (
				6D9247371EDF051A00222B69 /* Debug */,
				6D9247381EDF051A00222B69 /* Release */,
			);
			defaultConfigurationIsVisible = 0;
		};
/* End XCConfigurationList section */
	};
	rootObject = 6D9246FB1EDF051900222B69 /* Project object */;
}
