// !$*UTF8*$!
{
	archiveVersion = 1;
	classes = {
	};
	objectVersion = 46;
	objects = {

/* Begin PBXBuildFile section */
		1A5ECFE4D2305E4A2BBF6FB6 /* libPods-ExcelTableTests.a in Frameworks */ = {isa = PBXBuildFile; fileRef = 1D3E8A54CF4BA8644232CCE8 /* libPods-ExcelTableTests.a */; };
		6D9D7BB31E0817A400A45C39 /* VEExcelCell.m in Sources */ = {isa = PBXBuildFile; fileRef = 6D9D7BB11E0817A400A45C39 /* VEExcelCell.m */; };
		6D9E79D81E069F3900E41BE3 /* main.m in Sources */ = {isa = PBXBuildFile; fileRef = 6D9E79D71E069F3900E41BE3 /* main.m */; };
		6D9E79DB1E069F3900E41BE3 /* AppDelegate.m in Sources */ = {isa = PBXBuildFile; fileRef = 6D9E79DA1E069F3900E41BE3 /* AppDelegate.m */; };
		6D9E79DE1E069F3900E41BE3 /* ViewController.m in Sources */ = {isa = PBXBuildFile; fileRef = 6D9E79DD1E069F3900E41BE3 /* ViewController.m */; };
		6D9E79E11E069F3900E41BE3 /* Main.storyboard in Resources */ = {isa = PBXBuildFile; fileRef = 6D9E79DF1E069F3900E41BE3 /* Main.storyboard */; };
		6D9E79E31E069F3900E41BE3 /* Assets.xcassets in Resources */ = {isa = PBXBuildFile; fileRef = 6D9E79E21E069F3900E41BE3 /* Assets.xcassets */; };
		6D9E79E61E069F3900E41BE3 /* LaunchScreen.storyboard in Resources */ = {isa = PBXBuildFile; fileRef = 6D9E79E41E069F3900E41BE3 /* LaunchScreen.storyboard */; };
		6D9E79F11E069F3900E41BE3 /* ExcelTableTests.m in Sources */ = {isa = PBXBuildFile; fileRef = 6D9E79F01E069F3900E41BE3 /* ExcelTableTests.m */; };
		6D9E79FC1E069F3900E41BE3 /* ExcelTableUITests.m in Sources */ = {isa = PBXBuildFile; fileRef = 6D9E79FB1E069F3900E41BE3 /* ExcelTableUITests.m */; };
		B10F029FBA927DBBC5227211 /* libPods-ExcelTable.a in Frameworks */ = {isa = PBXBuildFile; fileRef = EDE1070789BBB3659D5435D9 /* libPods-ExcelTable.a */; };
		C128F547FABAAB7ABD37DCB6 /* libPods-ExcelTableUITests.a in Frameworks */ = {isa = PBXBuildFile; fileRef = 479A0C66FEEA070AD6B0DB31 /* libPods-ExcelTableUITests.a */; };
		E75FDAD71E07E72F00A59E0E /* VEExcelTableView.m in Sources */ = {isa = PBXBuildFile; fileRef = E75FDAD61E07E72F00A59E0E /* VEExcelTableView.m */; };
		E75FDADC1E07E77C00A59E0E /* VEGridHeaderView.m in Sources */ = {isa = PBXBuildFile; fileRef = E75FDAD91E07E77C00A59E0E /* VEGridHeaderView.m */; };
/* End PBXBuildFile section */

/* Begin PBXContainerItemProxy section */
		6D9E79ED1E069F3900E41BE3 /* PBXContainerItemProxy */ = {
			isa = PBXContainerItemProxy;
			containerPortal = 6D9E79CB1E069F3900E41BE3 /* Project object */;
			proxyType = 1;
			remoteGlobalIDString = 6D9E79D21E069F3900E41BE3;
			remoteInfo = ExcelTable;
		};
		6D9E79F81E069F3900E41BE3 /* PBXContainerItemProxy */ = {
			isa = PBXContainerItemProxy;
			containerPortal = 6D9E79CB1E069F3900E41BE3 /* Project object */;
			proxyType = 1;
			remoteGlobalIDString = 6D9E79D21E069F3900E41BE3;
			remoteInfo = ExcelTable;
		};
/* End PBXContainerItemProxy section */

/* Begin PBXFileReference section */
		13737439B053F7A3D60EDD25 /* Pods-ExcelTable.debug.xcconfig */ = {isa = PBXFileReference; includeInIndex = 1; lastKnownFileType = text.xcconfig; name = "Pods-ExcelTable.debug.xcconfig"; path = "Pods/Target Support Files/Pods-ExcelTable/Pods-ExcelTable.debug.xcconfig"; sourceTree = "<group>"; };
		1D3E8A54CF4BA8644232CCE8 /* libPods-ExcelTableTests.a */ = {isa = PBXFileReference; explicitFileType = archive.ar; includeInIndex = 0; path = "libPods-ExcelTableTests.a"; sourceTree = BUILT_PRODUCTS_DIR; };
		2D2BBAB703BF62FE45BE47C0 /* Pods-ExcelTableUITests.debug.xcconfig */ = {isa = PBXFileReference; includeInIndex = 1; lastKnownFileType = text.xcconfig; name = "Pods-ExcelTableUITests.debug.xcconfig"; path = "Pods/Target Support Files/Pods-ExcelTableUITests/Pods-ExcelTableUITests.debug.xcconfig"; sourceTree = "<group>"; };
		479A0C66FEEA070AD6B0DB31 /* libPods-ExcelTableUITests.a */ = {isa = PBXFileReference; explicitFileType = archive.ar; includeInIndex = 0; path = "libPods-ExcelTableUITests.a"; sourceTree = BUILT_PRODUCTS_DIR; };
		4E5074C6D4F4E22E686190EC /* Pods-ExcelTableUITests.release.xcconfig */ = {isa = PBXFileReference; includeInIndex = 1; lastKnownFileType = text.xcconfig; name = "Pods-ExcelTableUITests.release.xcconfig"; path = "Pods/Target Support Files/Pods-ExcelTableUITests/Pods-ExcelTableUITests.release.xcconfig"; sourceTree = "<group>"; };
		6D9D7BAC1E08154100A45C39 /* PrefixHeader.pch */ = {isa = PBXFileReference; lastKnownFileType = sourcecode.c.h; path = PrefixHeader.pch; sourceTree = "<group>"; };
		6D9D7BB01E0817A400A45C39 /* VEExcelCell.h */ = {isa = PBXFileReference; fileEncoding = 4; lastKnownFileType = sourcecode.c.h; path = VEExcelCell.h; sourceTree = "<group>"; };
		6D9D7BB11E0817A400A45C39 /* VEExcelCell.m */ = {isa = PBXFileReference; fileEncoding = 4; lastKnownFileType = sourcecode.c.objc; path = VEExcelCell.m; sourceTree = "<group>"; };
		6D9E79D31E069F3900E41BE3 /* ExcelTable.app */ = {isa = PBXFileReference; explicitFileType = wrapper.application; includeInIndex = 0; path = ExcelTable.app; sourceTree = BUILT_PRODUCTS_DIR; };
		6D9E79D71E069F3900E41BE3 /* main.m */ = {isa = PBXFileReference; lastKnownFileType = sourcecode.c.objc; path = main.m; sourceTree = "<group>"; };
		6D9E79D91E069F3900E41BE3 /* AppDelegate.h */ = {isa = PBXFileReference; lastKnownFileType = sourcecode.c.h; path = AppDelegate.h; sourceTree = "<group>"; };
		6D9E79DA1E069F3900E41BE3 /* AppDelegate.m */ = {isa = PBXFileReference; lastKnownFileType = sourcecode.c.objc; path = AppDelegate.m; sourceTree = "<group>"; };
		6D9E79DC1E069F3900E41BE3 /* ViewController.h */ = {isa = PBXFileReference; lastKnownFileType = sourcecode.c.h; path = ViewController.h; sourceTree = "<group>"; };
		6D9E79DD1E069F3900E41BE3 /* ViewController.m */ = {isa = PBXFileReference; lastKnownFileType = sourcecode.c.objc; path = ViewController.m; sourceTree = "<group>"; };
		6D9E79E01E069F3900E41BE3 /* Base */ = {isa = PBXFileReference; lastKnownFileType = file.storyboard; name = Base; path = Base.lproj/Main.storyboard; sourceTree = "<group>"; };
		6D9E79E21E069F3900E41BE3 /* Assets.xcassets */ = {isa = PBXFileReference; lastKnownFileType = folder.assetcatalog; path = Assets.xcassets; sourceTree = "<group>"; };
		6D9E79E51E069F3900E41BE3 /* Base */ = {isa = PBXFileReference; lastKnownFileType = file.storyboard; name = Base; path = Base.lproj/LaunchScreen.storyboard; sourceTree = "<group>"; };
		6D9E79E71E069F3900E41BE3 /* Info.plist */ = {isa = PBXFileReference; lastKnownFileType = text.plist.xml; path = Info.plist; sourceTree = "<group>"; };
		6D9E79EC1E069F3900E41BE3 /* ExcelTableTests.xctest */ = {isa = PBXFileReference; explicitFileType = wrapper.cfbundle; includeInIndex = 0; path = ExcelTableTests.xctest; sourceTree = BUILT_PRODUCTS_DIR; };
		6D9E79F01E069F3900E41BE3 /* ExcelTableTests.m */ = {isa = PBXFileReference; lastKnownFileType = sourcecode.c.objc; path = ExcelTableTests.m; sourceTree = "<group>"; };
		6D9E79F21E069F3900E41BE3 /* Info.plist */ = {isa = PBXFileReference; lastKnownFileType = text.plist.xml; path = Info.plist; sourceTree = "<group>"; };
		6D9E79F71E069F3900E41BE3 /* ExcelTableUITests.xctest */ = {isa = PBXFileReference; explicitFileType = wrapper.cfbundle; includeInIndex = 0; path = ExcelTableUITests.xctest; sourceTree = BUILT_PRODUCTS_DIR; };
		6D9E79FB1E069F3900E41BE3 /* ExcelTableUITests.m */ = {isa = PBXFileReference; lastKnownFileType = sourcecode.c.objc; path = ExcelTableUITests.m; sourceTree = "<group>"; };
		6D9E79FD1E069F3900E41BE3 /* Info.plist */ = {isa = PBXFileReference; lastKnownFileType = text.plist.xml; path = Info.plist; sourceTree = "<group>"; };
		AF89963DC2CD2E457339C3FD /* Pods-ExcelTableTests.debug.xcconfig */ = {isa = PBXFileReference; includeInIndex = 1; lastKnownFileType = text.xcconfig; name = "Pods-ExcelTableTests.debug.xcconfig"; path = "Pods/Target Support Files/Pods-ExcelTableTests/Pods-ExcelTableTests.debug.xcconfig"; sourceTree = "<group>"; };
		BD486F497E3AF5C0B92E253D /* Pods-ExcelTable.release.xcconfig */ = {isa = PBXFileReference; includeInIndex = 1; lastKnownFileType = text.xcconfig; name = "Pods-ExcelTable.release.xcconfig"; path = "Pods/Target Support Files/Pods-ExcelTable/Pods-ExcelTable.release.xcconfig"; sourceTree = "<group>"; };
		E75FDAD51E07E72F00A59E0E /* VEExcelTableView.h */ = {isa = PBXFileReference; fileEncoding = 4; lastKnownFileType = sourcecode.c.h; path = VEExcelTableView.h; sourceTree = "<group>"; };
		E75FDAD61E07E72F00A59E0E /* VEExcelTableView.m */ = {isa = PBXFileReference; fileEncoding = 4; lastKnownFileType = sourcecode.c.objc; path = VEExcelTableView.m; sourceTree = "<group>"; };
		E75FDAD81E07E77C00A59E0E /* VEGridHeaderView.h */ = {isa = PBXFileReference; fileEncoding = 4; lastKnownFileType = sourcecode.c.h; path = VEGridHeaderView.h; sourceTree = "<group>"; };
		E75FDAD91E07E77C00A59E0E /* VEGridHeaderView.m */ = {isa = PBXFileReference; fileEncoding = 4; lastKnownFileType = sourcecode.c.objc; path = VEGridHeaderView.m; sourceTree = "<group>"; };
		EDE1070789BBB3659D5435D9 /* libPods-ExcelTable.a */ = {isa = PBXFileReference; explicitFileType = archive.ar; includeInIndex = 0; path = "libPods-ExcelTable.a"; sourceTree = BUILT_PRODUCTS_DIR; };
		FB2613AADFEA7016C0277218 /* Pods-ExcelTableTests.release.xcconfig */ = {isa = PBXFileReference; includeInIndex = 1; lastKnownFileType = text.xcconfig; name = "Pods-ExcelTableTests.release.xcconfig"; path = "Pods/Target Support Files/Pods-ExcelTableTests/Pods-ExcelTableTests.release.xcconfig"; sourceTree = "<group>"; };
/* End PBXFileReference section */

/* Begin PBXFrameworksBuildPhase section */
		6D9E79D01E069F3900E41BE3 /* Frameworks */ = {
			isa = PBXFrameworksBuildPhase;
			buildActionMask = 2147483647;
			files = (
				B10F029FBA927DBBC5227211 /* libPods-ExcelTable.a in Frameworks */,
			);
			runOnlyForDeploymentPostprocessing = 0;
		};
		6D9E79E91E069F3900E41BE3 /* Frameworks */ = {
			isa = PBXFrameworksBuildPhase;
			buildActionMask = 2147483647;
			files = (
				1A5ECFE4D2305E4A2BBF6FB6 /* libPods-ExcelTableTests.a in Frameworks */,
			);
			runOnlyForDeploymentPostprocessing = 0;
		};
		6D9E79F41E069F3900E41BE3 /* Frameworks */ = {
			isa = PBXFrameworksBuildPhase;
			buildActionMask = 2147483647;
			files = (
				C128F547FABAAB7ABD37DCB6 /* libPods-ExcelTableUITests.a in Frameworks */,
			);
			runOnlyForDeploymentPostprocessing = 0;
		};
/* End PBXFrameworksBuildPhase section */

/* Begin PBXGroup section */
		4E9823D7FA061617EEBE1918 /* Pods */ = {
			isa = PBXGroup;
			children = (
				13737439B053F7A3D60EDD25 /* Pods-ExcelTable.debug.xcconfig */,
				BD486F497E3AF5C0B92E253D /* Pods-ExcelTable.release.xcconfig */,
				AF89963DC2CD2E457339C3FD /* Pods-ExcelTableTests.debug.xcconfig */,
				FB2613AADFEA7016C0277218 /* Pods-ExcelTableTests.release.xcconfig */,
				2D2BBAB703BF62FE45BE47C0 /* Pods-ExcelTableUITests.debug.xcconfig */,
				4E5074C6D4F4E22E686190EC /* Pods-ExcelTableUITests.release.xcconfig */,
			);
			name = Pods;
			sourceTree = "<group>";
		};
		6D9E79CA1E069F3900E41BE3 = {
			isa = PBXGroup;
			children = (
				6D9E79D51E069F3900E41BE3 /* ExcelTable */,
				6D9E79EF1E069F3900E41BE3 /* ExcelTableTests */,
				6D9E79FA1E069F3900E41BE3 /* ExcelTableUITests */,
				6D9E79D41E069F3900E41BE3 /* Products */,
				4E9823D7FA061617EEBE1918 /* Pods */,
				91C22D0F1818CD8575180CAA /* Frameworks */,
			);
			sourceTree = "<group>";
		};
		6D9E79D41E069F3900E41BE3 /* Products */ = {
			isa = PBXGroup;
			children = (
				6D9E79D31E069F3900E41BE3 /* ExcelTable.app */,
				6D9E79EC1E069F3900E41BE3 /* ExcelTableTests.xctest */,
				6D9E79F71E069F3900E41BE3 /* ExcelTableUITests.xctest */,
			);
			name = Products;
			sourceTree = "<group>";
		};
		6D9E79D51E069F3900E41BE3 /* ExcelTable */ = {
			isa = PBXGroup;
			children = (
				6D9E79D91E069F3900E41BE3 /* AppDelegate.h */,
				6D9E79DA1E069F3900E41BE3 /* AppDelegate.m */,
				6D9E79DC1E069F3900E41BE3 /* ViewController.h */,
				6D9E79DD1E069F3900E41BE3 /* ViewController.m */,
				6D9E79DF1E069F3900E41BE3 /* Main.storyboard */,
				E75FDAD81E07E77C00A59E0E /* VEGridHeaderView.h */,
				E75FDAD91E07E77C00A59E0E /* VEGridHeaderView.m */,
				E75FDAD51E07E72F00A59E0E /* VEExcelTableView.h */,
				E75FDAD61E07E72F00A59E0E /* VEExcelTableView.m */,
				6D9D7BB01E0817A400A45C39 /* VEExcelCell.h */,
				6D9D7BB11E0817A400A45C39 /* VEExcelCell.m */,
				6D9D7BAC1E08154100A45C39 /* PrefixHeader.pch */,
				6D9E79E21E069F3900E41BE3 /* Assets.xcassets */,
				6D9E79E41E069F3900E41BE3 /* LaunchScreen.storyboard */,
				6D9E79E71E069F3900E41BE3 /* Info.plist */,
				6D9E79D61E069F3900E41BE3 /* Supporting Files */,
			);
			path = ExcelTable;
			sourceTree = "<group>";
		};
		6D9E79D61E069F3900E41BE3 /* Supporting Files */ = {
			isa = PBXGroup;
			children = (
				6D9E79D71E069F3900E41BE3 /* main.m */,
			);
			name = "Supporting Files";
			sourceTree = "<group>";
		};
		6D9E79EF1E069F3900E41BE3 /* ExcelTableTests */ = {
			isa = PBXGroup;
			children = (
				6D9E79F01E069F3900E41BE3 /* ExcelTableTests.m */,
				6D9E79F21E069F3900E41BE3 /* Info.plist */,
			);
			path = ExcelTableTests;
			sourceTree = "<group>";
		};
		6D9E79FA1E069F3900E41BE3 /* ExcelTableUITests */ = {
			isa = PBXGroup;
			children = (
				6D9E79FB1E069F3900E41BE3 /* ExcelTableUITests.m */,
				6D9E79FD1E069F3900E41BE3 /* Info.plist */,
			);
			path = ExcelTableUITests;
			sourceTree = "<group>";
		};
		91C22D0F1818CD8575180CAA /* Frameworks */ = {
			isa = PBXGroup;
			children = (
				EDE1070789BBB3659D5435D9 /* libPods-ExcelTable.a */,
				1D3E8A54CF4BA8644232CCE8 /* libPods-ExcelTableTests.a */,
				479A0C66FEEA070AD6B0DB31 /* libPods-ExcelTableUITests.a */,
			);
			name = Frameworks;
			sourceTree = "<group>";
		};
/* End PBXGroup section */

/* Begin PBXNativeTarget section */
		6D9E79D21E069F3900E41BE3 /* ExcelTable */ = {
			isa = PBXNativeTarget;
			buildConfigurationList = 6D9E7A001E069F3900E41BE3 /* Build configuration list for PBXNativeTarget "ExcelTable" */;
			buildPhases = (
				F47A648130697BC1B24F81A0 /* [CP] Check Pods Manifest.lock */,
				6D9E79CF1E069F3900E41BE3 /* Sources */,
				6D9E79D01E069F3900E41BE3 /* Frameworks */,
				6D9E79D11E069F3900E41BE3 /* Resources */,
				F6353B93D4C820E4D8D697F9 /* [CP] Embed Pods Frameworks */,
				6D10FB726302A28C9980A771 /* [CP] Copy Pods Resources */,
			);
			buildRules = (
			);
			dependencies = (
			);
			name = ExcelTable;
			productName = ExcelTable;
			productReference = 6D9E79D31E069F3900E41BE3 /* ExcelTable.app */;
			productType = "com.apple.product-type.application";
		};
		6D9E79EB1E069F3900E41BE3 /* ExcelTableTests */ = {
			isa = PBXNativeTarget;
			buildConfigurationList = 6D9E7A031E069F3900E41BE3 /* Build configuration list for PBXNativeTarget "ExcelTableTests" */;
			buildPhases = (
				B58E65A7E84E8C56E081E090 /* [CP] Check Pods Manifest.lock */,
				6D9E79E81E069F3900E41BE3 /* Sources */,
				6D9E79E91E069F3900E41BE3 /* Frameworks */,
				6D9E79EA1E069F3900E41BE3 /* Resources */,
				F08E5ADAC22F88A6D3D2574B /* [CP] Embed Pods Frameworks */,
				05B0800BA2019E34628E7DED /* [CP] Copy Pods Resources */,
			);
			buildRules = (
			);
			dependencies = (
				6D9E79EE1E069F3900E41BE3 /* PBXTargetDependency */,
			);
			name = ExcelTableTests;
			productName = ExcelTableTests;
			productReference = 6D9E79EC1E069F3900E41BE3 /* ExcelTableTests.xctest */;
			productType = "com.apple.product-type.bundle.unit-test";
		};
		6D9E79F61E069F3900E41BE3 /* ExcelTableUITests */ = {
			isa = PBXNativeTarget;
			buildConfigurationList = 6D9E7A061E069F3900E41BE3 /* Build configuration list for PBXNativeTarget "ExcelTableUITests" */;
			buildPhases = (
				3B787233F03EB0766DA6DDAF /* [CP] Check Pods Manifest.lock */,
				6D9E79F31E069F3900E41BE3 /* Sources */,
				6D9E79F41E069F3900E41BE3 /* Frameworks */,
				6D9E79F51E069F3900E41BE3 /* Resources */,
				DB0E9CD97D6E97F5C09B6798 /* [CP] Copy Pods Resources */,
			);
			buildRules = (
			);
			dependencies = (
				6D9E79F91E069F3900E41BE3 /* PBXTargetDependency */,
			);
			name = ExcelTableUITests;
			productName = ExcelTableUITests;
			productReference = 6D9E79F71E069F3900E41BE3 /* ExcelTableUITests.xctest */;
			productType = "com.apple.product-type.bundle.ui-testing";
		};
/* End PBXNativeTarget section */

/* Begin PBXProject section */
		6D9E79CB1E069F3900E41BE3 /* Project object */ = {
			isa = PBXProject;
			attributes = {
				LastUpgradeCheck = 0810;
				ORGANIZATIONNAME = "林盼盼";
				TargetAttributes = {
					6D9E79D21E069F3900E41BE3 = {
						CreatedOnToolsVersion = 8.1;
						ProvisioningStyle = Automatic;
					};
					6D9E79EB1E069F3900E41BE3 = {
						CreatedOnToolsVersion = 8.1;
						ProvisioningStyle = Automatic;
						TestTargetID = 6D9E79D21E069F3900E41BE3;
					};
					6D9E79F61E069F3900E41BE3 = {
						CreatedOnToolsVersion = 8.1;
						ProvisioningStyle = Automatic;
						TestTargetID = 6D9E79D21E069F3900E41BE3;
					};
				};
			};
			buildConfigurationList = 6D9E79CE1E069F3900E41BE3 /* Build configuration list for PBXProject "ExcelTable" */;
			compatibilityVersion = "Xcode 3.2";
			developmentRegion = English;
			hasScannedForEncodings = 0;
			knownRegions = (
				en,
				Base,
			);
			mainGroup = 6D9E79CA1E069F3900E41BE3;
			productRefGroup = 6D9E79D41E069F3900E41BE3 /* Products */;
			projectDirPath = "";
			projectRoot = "";
			targets = (
				6D9E79D21E069F3900E41BE3 /* ExcelTable */,
				6D9E79EB1E069F3900E41BE3 /* ExcelTableTests */,
				6D9E79F61E069F3900E41BE3 /* ExcelTableUITests */,
			);
		};
/* End PBXProject section */

/* Begin PBXResourcesBuildPhase section */
		6D9E79D11E069F3900E41BE3 /* Resources */ = {
			isa = PBXResourcesBuildPhase;
			buildActionMask = 2147483647;
			files = (
				6D9E79E61E069F3900E41BE3 /* LaunchScreen.storyboard in Resources */,
				6D9E79E31E069F3900E41BE3 /* Assets.xcassets in Resources */,
				6D9E79E11E069F3900E41BE3 /* Main.storyboard in Resources */,
			);
			runOnlyForDeploymentPostprocessing = 0;
		};
		6D9E79EA1E069F3900E41BE3 /* Resources */ = {
			isa = PBXResourcesBuildPhase;
			buildActionMask = 2147483647;
			files = (
			);
			runOnlyForDeploymentPostprocessing = 0;
		};
		6D9E79F51E069F3900E41BE3 /* Resources */ = {
			isa = PBXResourcesBuildPhase;
			buildActionMask = 2147483647;
			files = (
			);
			runOnlyForDeploymentPostprocessing = 0;
		};
/* End PBXResourcesBuildPhase section */

/* Begin PBXShellScriptBuildPhase section */
		05B0800BA2019E34628E7DED /* [CP] Copy Pods Resources */ = {
			isa = PBXShellScriptBuildPhase;
			buildActionMask = 2147483647;
			files = (
			);
			inputPaths = (
			);
			name = "[CP] Copy Pods Resources";
			outputPaths = (
			);
			runOnlyForDeploymentPostprocessing = 0;
			shellPath = /bin/sh;
			shellScript = "\"${SRCROOT}/Pods/Target Support Files/Pods-ExcelTableTests/Pods-ExcelTableTests-resources.sh\"\n";
			showEnvVarsInLog = 0;
		};
		3B787233F03EB0766DA6DDAF /* [CP] Check Pods Manifest.lock */ = {
			isa = PBXShellScriptBuildPhase;
			buildActionMask = 2147483647;
			files = (
			);
			inputPaths = (
			);
			name = "[CP] Check Pods Manifest.lock";
			outputPaths = (
			);
			runOnlyForDeploymentPostprocessing = 0;
			shellPath = /bin/sh;
			shellScript = "diff \"${PODS_ROOT}/../Podfile.lock\" \"${PODS_ROOT}/Manifest.lock\" > /dev/null\nif [[ $? != 0 ]] ; then\n    cat << EOM\nerror: The sandbox is not in sync with the Podfile.lock. Run 'pod install' or update your CocoaPods installation.\nEOM\n    exit 1\nfi\n";
			showEnvVarsInLog = 0;
		};
		6D10FB726302A28C9980A771 /* [CP] Copy Pods Resources */ = {
			isa = PBXShellScriptBuildPhase;
			buildActionMask = 2147483647;
			files = (
			);
			inputPaths = (
			);
			name = "[CP] Copy Pods Resources";
			outputPaths = (
			);
			runOnlyForDeploymentPostprocessing = 0;
			shellPath = /bin/sh;
			shellScript = "\"${SRCROOT}/Pods/Target Support Files/Pods-ExcelTable/Pods-ExcelTable-resources.sh\"\n";
			showEnvVarsInLog = 0;
		};
		B58E65A7E84E8C56E081E090 /* [CP] Check Pods Manifest.lock */ = {
			isa = PBXShellScriptBuildPhase;
			buildActionMask = 2147483647;
			files = (
			);
			inputPaths = (
			);
			name = "[CP] Check Pods Manifest.lock";
			outputPaths = (
			);
			runOnlyForDeploymentPostprocessing = 0;
			shellPath = /bin/sh;
			shellScript = "diff \"${PODS_ROOT}/../Podfile.lock\" \"${PODS_ROOT}/Manifest.lock\" > /dev/null\nif [[ $? != 0 ]] ; then\n    cat << EOM\nerror: The sandbox is not in sync with the Podfile.lock. Run 'pod install' or update your CocoaPods installation.\nEOM\n    exit 1\nfi\n";
			showEnvVarsInLog = 0;
		};
		DB0E9CD97D6E97F5C09B6798 /* [CP] Copy Pods Resources */ = {
			isa = PBXShellScriptBuildPhase;
			buildActionMask = 2147483647;
			files = (
			);
			inputPaths = (
			);
			name = "[CP] Copy Pods Resources";
			outputPaths = (
			);
			runOnlyForDeploymentPostprocessing = 0;
			shellPath = /bin/sh;
			shellScript = "\"${SRCROOT}/Pods/Target Support Files/Pods-ExcelTableUITests/Pods-ExcelTableUITests-resources.sh\"\n";
			showEnvVarsInLog = 0;
		};
		F08E5ADAC22F88A6D3D2574B /* [CP] Embed Pods Frameworks */ = {
			isa = PBXShellScriptBuildPhase;
			buildActionMask = 2147483647;
			files = (
			);
			inputPaths = (
			);
			name = "[CP] Embed Pods Frameworks";
			outputPaths = (
			);
			runOnlyForDeploymentPostprocessing = 0;
			shellPath = /bin/sh;
			shellScript = "\"${SRCROOT}/Pods/Target Support Files/Pods-ExcelTableTests/Pods-ExcelTableTests-frameworks.sh\"\n";
			showEnvVarsInLog = 0;
		};
		F47A648130697BC1B24F81A0 /* [CP] Check Pods Manifest.lock */ = {
			isa = PBXShellScriptBuildPhase;
			buildActionMask = 2147483647;
			files = (
			);
			inputPaths = (
			);
			name = "[CP] Check Pods Manifest.lock";
			outputPaths = (
			);
			runOnlyForDeploymentPostprocessing = 0;
			shellPath = /bin/sh;
			shellScript = "diff \"${PODS_ROOT}/../Podfile.lock\" \"${PODS_ROOT}/Manifest.lock\" > /dev/null\nif [[ $? != 0 ]] ; then\n    cat << EOM\nerror: The sandbox is not in sync with the Podfile.lock. Run 'pod install' or update your CocoaPods installation.\nEOM\n    exit 1\nfi\n";
			showEnvVarsInLog = 0;
		};
		F6353B93D4C820E4D8D697F9 /* [CP] Embed Pods Frameworks */ = {
			isa = PBXShellScriptBuildPhase;
			buildActionMask = 2147483647;
			files = (
			);
			inputPaths = (
			);
			name = "[CP] Embed Pods Frameworks";
			outputPaths = (
			);
			runOnlyForDeploymentPostprocessing = 0;
			shellPath = /bin/sh;
			shellScript = "\"${SRCROOT}/Pods/Target Support Files/Pods-ExcelTable/Pods-ExcelTable-frameworks.sh\"\n";
			showEnvVarsInLog = 0;
		};
/* End PBXShellScriptBuildPhase section */

/* Begin PBXSourcesBuildPhase section */
		6D9E79CF1E069F3900E41BE3 /* Sources */ = {
			isa = PBXSourcesBuildPhase;
			buildActionMask = 2147483647;
			files = (
				6D9E79DE1E069F3900E41BE3 /* ViewController.m in Sources */,
				E75FDAD71E07E72F00A59E0E /* VEExcelTableView.m in Sources */,
				6D9D7BB31E0817A400A45C39 /* VEExcelCell.m in Sources */,
				E75FDADC1E07E77C00A59E0E /* VEGridHeaderView.m in Sources */,
				6D9E79DB1E069F3900E41BE3 /* AppDelegate.m in Sources */,
				6D9E79D81E069F3900E41BE3 /* main.m in Sources */,
			);
			runOnlyForDeploymentPostprocessing = 0;
		};
		6D9E79E81E069F3900E41BE3 /* Sources */ = {
			isa = PBXSourcesBuildPhase;
			buildActionMask = 2147483647;
			files = (
				6D9E79F11E069F3900E41BE3 /* ExcelTableTests.m in Sources */,
			);
			runOnlyForDeploymentPostprocessing = 0;
		};
		6D9E79F31E069F3900E41BE3 /* Sources */ = {
			isa = PBXSourcesBuildPhase;
			buildActionMask = 2147483647;
			files = (
				6D9E79FC1E069F3900E41BE3 /* ExcelTableUITests.m in Sources */,
			);
			runOnlyForDeploymentPostprocessing = 0;
		};
/* End PBXSourcesBuildPhase section */

/* Begin PBXTargetDependency section */
		6D9E79EE1E069F3900E41BE3 /* PBXTargetDependency */ = {
			isa = PBXTargetDependency;
			target = 6D9E79D21E069F3900E41BE3 /* ExcelTable */;
			targetProxy = 6D9E79ED1E069F3900E41BE3 /* PBXContainerItemProxy */;
		};
		6D9E79F91E069F3900E41BE3 /* PBXTargetDependency */ = {
			isa = PBXTargetDependency;
			target = 6D9E79D21E069F3900E41BE3 /* ExcelTable */;
			targetProxy = 6D9E79F81E069F3900E41BE3 /* PBXContainerItemProxy */;
		};
/* End PBXTargetDependency section */

/* Begin PBXVariantGroup section */
		6D9E79DF1E069F3900E41BE3 /* Main.storyboard */ = {
			isa = PBXVariantGroup;
			children = (
				6D9E79E01E069F3900E41BE3 /* Base */,
			);
			name = Main.storyboard;
			sourceTree = "<group>";
		};
		6D9E79E41E069F3900E41BE3 /* LaunchScreen.storyboard */ = {
			isa = PBXVariantGroup;
			children = (
				6D9E79E51E069F3900E41BE3 /* Base */,
			);
			name = LaunchScreen.storyboard;
			sourceTree = "<group>";
		};
/* End PBXVariantGroup section */

/* Begin XCBuildConfiguration section */
		6D9E79FE1E069F3900E41BE3 /* Debug */ = {
			isa = XCBuildConfiguration;
			buildSettings = {
				ALWAYS_SEARCH_USER_PATHS = NO;
				CLANG_ANALYZER_NONNULL = YES;
				CLANG_CXX_LANGUAGE_STANDARD = "gnu++0x";
				CLANG_CXX_LIBRARY = "libc++";
				CLANG_ENABLE_MODULES = YES;
				CLANG_ENABLE_OBJC_ARC = YES;
				CLANG_WARN_BOOL_CONVERSION = YES;
				CLANG_WARN_CONSTANT_CONVERSION = YES;
				CLANG_WARN_DIRECT_OBJC_ISA_USAGE = YES_ERROR;
				CLANG_WARN_DOCUMENTATION_COMMENTS = YES;
				CLANG_WARN_EMPTY_BODY = YES;
				CLANG_WARN_ENUM_CONVERSION = YES;
				CLANG_WARN_INFINITE_RECURSION = YES;
				CLANG_WARN_INT_CONVERSION = YES;
				CLANG_WARN_OBJC_ROOT_CLASS = YES_ERROR;
				CLANG_WARN_SUSPICIOUS_MOVES = YES;
				CLANG_WARN_UNREACHABLE_CODE = YES;
				CLANG_WARN__DUPLICATE_METHOD_MATCH = YES;
				"CODE_SIGN_IDENTITY[sdk=iphoneos*]" = "iPhone Developer";
				COPY_PHASE_STRIP = NO;
				DEBUG_INFORMATION_FORMAT = dwarf;
				ENABLE_STRICT_OBJC_MSGSEND = YES;
				ENABLE_TESTABILITY = YES;
				GCC_C_LANGUAGE_STANDARD = gnu99;
				GCC_DYNAMIC_NO_PIC = NO;
				GCC_NO_COMMON_BLOCKS = YES;
				GCC_OPTIMIZATION_LEVEL = 0;
				GCC_PREPROCESSOR_DEFINITIONS = (
					"DEBUG=1",
					"$(inherited)",
				);
				GCC_WARN_64_TO_32_BIT_CONVERSION = YES;
				GCC_WARN_ABOUT_RETURN_TYPE = YES_ERROR;
				GCC_WARN_UNDECLARED_SELECTOR = YES;
				GCC_WARN_UNINITIALIZED_AUTOS = YES_AGGRESSIVE;
				GCC_WARN_UNUSED_FUNCTION = YES;
				GCC_WARN_UNUSED_VARIABLE = YES;
				IPHONEOS_DEPLOYMENT_TARGET = 10.1;
				MTL_ENABLE_DEBUG_INFO = YES;
				ONLY_ACTIVE_ARCH = YES;
				SDKROOT = iphoneos;
				TARGETED_DEVICE_FAMILY = "1,2";
			};
			name = Debug;
		};
		6D9E79FF1E069F3900E41BE3 /* Release */ = {
			isa = XCBuildConfiguration;
			buildSettings = {
				ALWAYS_SEARCH_USER_PATHS = NO;
				CLANG_ANALYZER_NONNULL = YES;
				CLANG_CXX_LANGUAGE_STANDARD = "gnu++0x";
				CLANG_CXX_LIBRARY = "libc++";
				CLANG_ENABLE_MODULES = YES;
				CLANG_ENABLE_OBJC_ARC = YES;
				CLANG_WARN_BOOL_CONVERSION = YES;
				CLANG_WARN_CONSTANT_CONVERSION = YES;
				CLANG_WARN_DIRECT_OBJC_ISA_USAGE = YES_ERROR;
				CLANG_WARN_DOCUMENTATION_COMMENTS = YES;
				CLANG_WARN_EMPTY_BODY = YES;
				CLANG_WARN_ENUM_CONVERSION = YES;
				CLANG_WARN_INFINITE_RECURSION = YES;
				CLANG_WARN_INT_CONVERSION = YES;
				CLANG_WARN_OBJC_ROOT_CLASS = YES_ERROR;
				CLANG_WARN_SUSPICIOUS_MOVES = YES;
				CLANG_WARN_UNREACHABLE_CODE = YES;
				CLANG_WARN__DUPLICATE_METHOD_MATCH = YES;
				"CODE_SIGN_IDENTITY[sdk=iphoneos*]" = "iPhone Developer";
				COPY_PHASE_STRIP = NO;
				DEBUG_INFORMATION_FORMAT = "dwarf-with-dsym";
				ENABLE_NS_ASSERTIONS = NO;
				ENABLE_STRICT_OBJC_MSGSEND = YES;
				GCC_C_LANGUAGE_STANDARD = gnu99;
				GCC_NO_COMMON_BLOCKS = YES;
				GCC_WARN_64_TO_32_BIT_CONVERSION = YES;
				GCC_WARN_ABOUT_RETURN_TYPE = YES_ERROR;
				GCC_WARN_UNDECLARED_SELECTOR = YES;
				GCC_WARN_UNINITIALIZED_AUTOS = YES_AGGRESSIVE;
				GCC_WARN_UNUSED_FUNCTION = YES;
				GCC_WARN_UNUSED_VARIABLE = YES;
				IPHONEOS_DEPLOYMENT_TARGET = 10.1;
				MTL_ENABLE_DEBUG_INFO = NO;
				SDKROOT = iphoneos;
				TARGETED_DEVICE_FAMILY = "1,2";
				VALIDATE_PRODUCT = YES;
			};
			name = Release;
		};
		6D9E7A011E069F3900E41BE3 /* Debug */ = {
			isa = XCBuildConfiguration;
			baseConfigurationReference = 13737439B053F7A3D60EDD25 /* Pods-ExcelTable.debug.xcconfig */;
			buildSettings = {
				ASSETCATALOG_COMPILER_APPICON_NAME = AppIcon;
				INFOPLIST_FILE = ExcelTable/Info.plist;
				LD_RUNPATH_SEARCH_PATHS = "$(inherited) @executable_path/Frameworks";
				PRODUCT_BUNDLE_IDENTIFIER = zyfoolboy.ExcelTable;
				PRODUCT_NAME = "$(TARGET_NAME)";
			};
			name = Debug;
		};
		6D9E7A021E069F3900E41BE3 /* Release */ = {
			isa = XCBuildConfiguration;
			baseConfigurationReference = BD486F497E3AF5C0B92E253D /* Pods-ExcelTable.release.xcconfig */;
			buildSettings = {
				ASSETCATALOG_COMPILER_APPICON_NAME = AppIcon;
				INFOPLIST_FILE = ExcelTable/Info.plist;
				LD_RUNPATH_SEARCH_PATHS = "$(inherited) @executable_path/Frameworks";
				PRODUCT_BUNDLE_IDENTIFIER = zyfoolboy.ExcelTable;
				PRODUCT_NAME = "$(TARGET_NAME)";
			};
			name = Release;
		};
		6D9E7A041E069F3900E41BE3 /* Debug */ = {
			isa = XCBuildConfiguration;
			baseConfigurationReference = AF89963DC2CD2E457339C3FD /* Pods-ExcelTableTests.debug.xcconfig */;
			buildSettings = {
				BUNDLE_LOADER = "$(TEST_HOST)";
				INFOPLIST_FILE = ExcelTableTests/Info.plist;
				LD_RUNPATH_SEARCH_PATHS = "$(inherited) @executable_path/Frameworks @loader_path/Frameworks";
				PRODUCT_BUNDLE_IDENTIFIER = zyfoolboy.ExcelTableTests;
				PRODUCT_NAME = "$(TARGET_NAME)";
				TEST_HOST = "$(BUILT_PRODUCTS_DIR)/ExcelTable.app/ExcelTable";
			};
			name = Debug;
		};
		6D9E7A051E069F3900E41BE3 /* Release */ = {
			isa = XCBuildConfiguration;
			baseConfigurationReference = FB2613AADFEA7016C0277218 /* Pods-ExcelTableTests.release.xcconfig */;
			buildSettings = {
				BUNDLE_LOADER = "$(TEST_HOST)";
				INFOPLIST_FILE = ExcelTableTests/Info.plist;
				LD_RUNPATH_SEARCH_PATHS = "$(inherited) @executable_path/Frameworks @loader_path/Frameworks";
				PRODUCT_BUNDLE_IDENTIFIER = zyfoolboy.ExcelTableTests;
				PRODUCT_NAME = "$(TARGET_NAME)";
				TEST_HOST = "$(BUILT_PRODUCTS_DIR)/ExcelTable.app/ExcelTable";
			};
			name = Release;
		};
		6D9E7A071E069F3900E41BE3 /* Debug */ = {
			isa = XCBuildConfiguration;
			baseConfigurationReference = 2D2BBAB703BF62FE45BE47C0 /* Pods-ExcelTableUITests.debug.xcconfig */;
			buildSettings = {
				INFOPLIST_FILE = ExcelTableUITests/Info.plist;
				LD_RUNPATH_SEARCH_PATHS = "$(inherited) @executable_path/Frameworks @loader_path/Frameworks";
				PRODUCT_BUNDLE_IDENTIFIER = zyfoolboy.ExcelTableUITests;
				PRODUCT_NAME = "$(TARGET_NAME)";
				TEST_TARGET_NAME = ExcelTable;
			};
			name = Debug;
		};
		6D9E7A081E069F3900E41BE3 /* Release */ = {
			isa = XCBuildConfiguration;
			baseConfigurationReference = 4E5074C6D4F4E22E686190EC /* Pods-ExcelTableUITests.release.xcconfig */;
			buildSettings = {
				INFOPLIST_FILE = ExcelTableUITests/Info.plist;
				LD_RUNPATH_SEARCH_PATHS = "$(inherited) @executable_path/Frameworks @loader_path/Frameworks";
				PRODUCT_BUNDLE_IDENTIFIER = zyfoolboy.ExcelTableUITests;
				PRODUCT_NAME = "$(TARGET_NAME)";
				TEST_TARGET_NAME = ExcelTable;
			};
			name = Release;
		};
/* End XCBuildConfiguration section */

/* Begin XCConfigurationList section */
		6D9E79CE1E069F3900E41BE3 /* Build configuration list for PBXProject "ExcelTable" */ = {
			isa = XCConfigurationList;
			buildConfigurations = (
				6D9E79FE1E069F3900E41BE3 /* Debug */,
				6D9E79FF1E069F3900E41BE3 /* Release */,
			);
			defaultConfigurationIsVisible = 0;
			defaultConfigurationName = Release;
		};
		6D9E7A001E069F3900E41BE3 /* Build configuration list for PBXNativeTarget "ExcelTable" */ = {
			isa = XCConfigurationList;
			buildConfigurations = (
				6D9E7A011E069F3900E41BE3 /* Debug */,
				6D9E7A021E069F3900E41BE3 /* Release */,
			);
			defaultConfigurationIsVisible = 0;
			defaultConfigurationName = Release;
		};
		6D9E7A031E069F3900E41BE3 /* Build configuration list for PBXNativeTarget "ExcelTableTests" */ = {
			isa = XCConfigurationList;
			buildConfigurations = (
				6D9E7A041E069F3900E41BE3 /* Debug */,
				6D9E7A051E069F3900E41BE3 /* Release */,
			);
			defaultConfigurationIsVisible = 0;
			defaultConfigurationName = Release;
		};
		6D9E7A061E069F3900E41BE3 /* Build configuration list for PBXNativeTarget "ExcelTableUITests" */ = {
			isa = XCConfigurationList;
			buildConfigurations = (
				6D9E7A071E069F3900E41BE3 /* Debug */,
				6D9E7A081E069F3900E41BE3 /* Release */,
			);
			defaultConfigurationIsVisible = 0;
			defaultConfigurationName = Release;
		};
/* End XCConfigurationList section */
	};
	rootObject = 6D9E79CB1E069F3900E41BE3 /* Project object */;
}
